
Microsoft Visual Studio Solution File, Format Version 12.00
# Visual Studio 14
VisualStudioVersion = 14.0.25420.1
MinimumVisualStudioVersion = 10.0.40219.1
Project("{FAE04EC0-301F-11D3-BF4B-00C04F79EFBC}") = "Shop", "Shop\Shop.csproj", "{DBD89CD7-5BAE-4C46-8566-056FDD684C9D}"
EndProject
Project("{FAE04EC0-301F-11D3-BF4B-00C04F79EFBC}") = "DataModel", "DataModel\DataModel.csproj", "{AA9A0A8E-23D0-45D3-9223-51675D14C2BE}"
EndProject
Project("{FAE04EC0-301F-11D3-BF4B-00C04F79EFBC}") = "IServices", "IServices\IServices.csproj", "{623B36FC-8EBC-4044-BC14-6DFE3714ED0E}"
EndProject
Project("{FAE04EC0-301F-11D3-BF4B-00C04F79EFBC}") = "Services", "Services\Services.csproj", "{7F81D02F-2790-4B84-A2AA-446B84234908}"
EndProject
Project("{FAE04EC0-301F-11D3-BF4B-00C04F79EFBC}") = "ProductModel", "ProductModel\ProductModel.csproj", "{ED001EAA-0E02-41A2-A5D1-7E457B813199}"
EndProject
Global
	GlobalSection(SolutionConfigurationPlatforms) = preSolution
		Debug|Any CPU = Debug|Any CPU
		Release|Any CPU = Release|Any CPU
	EndGlobalSection
	GlobalSection(ProjectConfigurationPlatforms) = postSolution
		{DBD89CD7-5BAE-4C46-8566-056FDD684C9D}.Debug|Any CPU.ActiveCfg = Debug|Any CPU
		{DBD89CD7-5BAE-4C46-8566-056FDD684C9D}.Debug|Any CPU.Build.0 = Debug|Any CPU
		{DBD89CD7-5BAE-4C46-8566-056FDD684C9D}.Release|Any CPU.ActiveCfg = Release|Any CPU
		{DBD89CD7-5BAE-4C46-8566-056FDD684C9D}.Release|Any CPU.Build.0 = Release|Any CPU
		{AA9A0A8E-23D0-45D3-9223-51675D14C2BE}.Debug|Any CPU.ActiveCfg = Debug|Any CPU
		{AA9A0A8E-23D0-45D3-9223-51675D14C2BE}.Debug|Any CPU.Build.0 = Debug|Any CPU
		{AA9A0A8E-23D0-45D3-9223-51675D14C2BE}.Release|Any CPU.ActiveCfg = Release|Any CPU
		{AA9A0A8E-23D0-45D3-9223-51675D14C2BE}.Release|Any CPU.Build.0 = Release|Any CPU
		{623B36FC-8EBC-4044-BC14-6DFE3714ED0E}.Debug|Any CPU.ActiveCfg = Debug|Any CPU
		{623B36FC-8EBC-4044-BC14-6DFE3714ED0E}.Debug|Any CPU.Build.0 = Debug|Any CPU
		{623B36FC-8EBC-4044-BC14-6DFE3714ED0E}.Release|Any CPU.ActiveCfg = Release|Any CPU
		{623B36FC-8EBC-4044-BC14-6DFE3714ED0E}.Release|Any CPU.Build.0 = Release|Any CPU
		{7F81D02F-2790-4B84-A2AA-446B84234908}.Debug|Any CPU.ActiveCfg = Debug|Any CPU
		{7F81D02F-2790-4B84-A2AA-446B84234908}.Debug|Any CPU.Build.0 = Debug|Any CPU
		{7F81D02F-2790-4B84-A2AA-446B84234908}.Release|Any CPU.ActiveCfg = Release|Any CPU
		{7F81D02F-2790-4B84-A2AA-446B84234908}.Release|Any CPU.Build.0 = Release|Any CPU
		{ED001EAA-0E02-41A2-A5D1-7E457B813199}.Debug|Any CPU.ActiveCfg = Debug|Any CPU
		{ED001EAA-0E02-41A2-A5D1-7E457B813199}.Debug|Any CPU.Build.0 = Debug|Any CPU
		{ED001EAA-0E02-41A2-A5D1-7E457B813199}.Release|Any CPU.ActiveCfg = Release|Any CPU
		{ED001EAA-0E02-41A2-A5D1-7E457B813199}.Release|Any CPU.Build.0 = Release|Any CPU
	EndGlobalSection
	GlobalSection(SolutionProperties) = preSolution
		HideSolutionNode = FALSE
	EndGlobalSection
EndGlobal
